// !$*UTF8*$!
{
	archiveVersion = 1;
	classes = {
	};
	objectVersion = 56;
	objects = {

/* Begin PBXBuildFile section */
		FC8941AE99A54AFDBDBEB87A /* PlanetaryEphemeris.swift in Sources */ = {isa = PBXBuildFile; fileRef = C8A789D501AB4F4BA0200FE9 /* PlanetaryEphemeris.swift */; };
		A05CF3C4532043518E9CF5B3 /* FinderMotionService.swift in Sources */ = {isa = PBXBuildFile; fileRef = C6847DC6F1284E318E8F4494 /* FinderMotionService.swift */; };
		24CEB05F743142D180DCAAF4 /* PlanetFinderView.swift in Sources */ = {isa = PBXBuildFile; fileRef = 58C697F3D4AD48CA9FB11237 /* PlanetFinderView.swift */; };
		0E39C053B7D444228EABB683 /* PrivacyInfo.xcprivacy in Resources */ = {isa = PBXBuildFile; fileRef = CE6A45433D5E4AF89E89C591 /* PrivacyInfo.xcprivacy */; };
		148A150E023A4882A2B9337C /* ChronosModeView.swift in Sources */ = {isa = PBXBuildFile; fileRef = 17ACC55BC47844B9B660D08B /* ChronosModeView.swift */; };
		20CA6F03B52D48FB9CE5DE15 /* ChronosCanvasView.swift in Sources */ = {isa = PBXBuildFile; fileRef = ED8C1E728DD84453A8E41D2D /* ChronosCanvasView.swift */; };
		212AC45B314B4363A075E02A /* Assets.xcassets in Resources */ = {isa = PBXBuildFile; fileRef = BF428BF3B1394AB6927D5FAC /* Assets.xcassets */; };
		37A350250C3540B983B17A7C /* TimelyUNAApp.swift in Sources */ = {isa = PBXBuildFile; fileRef = B1BA77E9A9C745A9B8CEFAF3 /* TimelyUNAApp.swift */; };
		69C606ADAB274899BA1A67EF /* AboutView.swift in Sources */ = {isa = PBXBuildFile; fileRef = 9E3F2C79966A4B26A0BE6A3D /* AboutView.swift */; };
		6A0E7AC2B4A94F9AA1EB1EF4 /* ARSunRocketView.swift in Sources */ = {isa = PBXBuildFile; fileRef = 5189249DD8EC419AAF61E278 /* ARSunRocketView.swift */; };
		6F5F157557E540C888A18402 /* ContentView.swift in Sources */ = {isa = PBXBuildFile; fileRef = 3411C322674949F9AD8459CE /* ContentView.swift */; };
		712AF0534F794DEAA6F5CDF5 /* SimulationState.swift in Sources */ = {isa = PBXBuildFile; fileRef = A219F1BF0F004D31B0999F03 /* SimulationState.swift */; };
		7BD73D89A83243D98CF21E6D /* PhotonLabyrinthPuzzle.swift in Sources */ = {isa = PBXBuildFile; fileRef = 6FD91C46B8144AFB8F7E2B79 /* PhotonLabyrinthPuzzle.swift */; };
		88A97B433C51458A849366AD /* SunCanvasView.swift in Sources */ = {isa = PBXBuildFile; fileRef = 8D6806B646ED4F95AB19EDDB /* SunCanvasView.swift */; };
		8A12C255CE314AD6AAA00CC0 /* InfoCards.swift in Sources */ = {isa = PBXBuildFile; fileRef = 784E667D00F746AC8AD8ED72 /* InfoCards.swift */; };
		8DDCAC6EEF25482F9D10BC7F /* SunSextantView.swift in Sources */ = {isa = PBXBuildFile; fileRef = 1C6A792A6E2243ACBE314077 /* SunSextantView.swift */; };
		949D2001B4C0406CB59F9C50 /* TimelyUNATheme.swift in Sources */ = {isa = PBXBuildFile; fileRef = 07E219CC715B417F9089CAD0 /* TimelyUNATheme.swift */; };
		A1B2C3D4E5F60718293A0001 /* SolarEngine.swift in Sources */ = {isa = PBXBuildFile; fileRef = A1B2C3D4E5F60718293F0001 /* SolarEngine.swift */; };
		A1B2C3D4E5F60718293A0002 /* ObserverLocationService.swift in Sources */ = {isa = PBXBuildFile; fileRef = A1B2C3D4E5F60718293F0002 /* ObserverLocationService.swift */; };
		A1B2C3D4E5F60718293A0003 /* HorizonPersistence.swift in Sources */ = {isa = PBXBuildFile; fileRef = A1B2C3D4E5F60718293F0003 /* HorizonPersistence.swift */; };
		A1B2C3D4E5F60718293A0004 /* HorizonClock.swift in Sources */ = {isa = PBXBuildFile; fileRef = A1B2C3D4E5F60718293F0004 /* HorizonClock.swift */; };
		A1B2C3D4E5F60718293A0005 /* TrueHorizonView.swift in Sources */ = {isa = PBXBuildFile; fileRef = A1B2C3D4E5F60718293F0005 /* TrueHorizonView.swift */; };
		A1B2C3D4E5F60718293A0007 /* SunriseReminderService.swift in Sources */ = {isa = PBXBuildFile; fileRef = A1B2C3D4E5F60718293F0007 /* SunriseReminderService.swift */; };
		A1B2C3D4E5F60718293A0008 /* ARCelestialMath.swift in Sources */ = {isa = PBXBuildFile; fileRef = A1B2C3D4E5F60718293F0008 /* ARCelestialMath.swift */; };
		A1B2C3D4E5F60718293A0009 /* ARCalibrationService.swift in Sources */ = {isa = PBXBuildFile; fileRef = A1B2C3D4E5F60718293F0009 /* ARCalibrationService.swift */; };
		A1B2C3D4E5F60718293A0010 /* XSkyJumpState.swift in Sources */ = {isa = PBXBuildFile; fileRef = A1B2C3D4E5F60718293F0010 /* XSkyJumpState.swift */; };
		A1B2C3D4E5F60718293A0011 /* XSkyJumpView.swift in Sources */ = {isa = PBXBuildFile; fileRef = A1B2C3D4E5F60718293F0011 /* XSkyJumpView.swift */; };
		A1B2C3D4E5F60718293A0012 /* XSkyPlanetSceneView.swift in Sources */ = {isa = PBXBuildFile; fileRef = A1B2C3D4E5F60718293F0012 /* XSkyPlanetSceneView.swift */; };
		A1B2C3D4E5F60718293A0013 /* XSkyStarfieldView.swift in Sources */ = {isa = PBXBuildFile; fileRef = A1B2C3D4E5F60718293F0013 /* XSkyStarfieldView.swift */; };
		A1B2C3D4E5F60718293A0014 /* XSkyPlanetTextures.swift in Sources */ = {isa = PBXBuildFile; fileRef = A1B2C3D4E5F60718293F0014 /* XSkyPlanetTextures.swift */; };
		A1B2C3D4E5F60718293A0015 /* XSkyPlanetStage.swift in Sources */ = {isa = PBXBuildFile; fileRef = A1B2C3D4E5F60718293F0015 /* XSkyPlanetStage.swift */; };
		C684FBC42F2E4CF6B167B047 /* PhotonLabyrinthView.swift in Sources */ = {isa = PBXBuildFile; fileRef = 5439159981D8417DAB2EF8C8 /* PhotonLabyrinthView.swift */; };
		EF71F2E0E8384D9A848B7D5B /* LightTimeConstants.swift in Sources */ = {isa = PBXBuildFile; fileRef = 76ACA30747814220AEDA0E17 /* LightTimeConstants.swift */; };
		D1E2F3A4B5C60718293A0100 /* StartupTransitionView.swift in Sources */ = {isa = PBXBuildFile; fileRef = D1E2F3A4B5C60718293F0100 /* StartupTransitionView.swift */; };
		D1E2F3A4B5C60718293A0101 /* LaunchScreen.storyboard in Resources */ = {isa = PBXBuildFile; fileRef = D1E2F3A4B5C60718293F0101 /* LaunchScreen.storyboard */; platformFilter = ios; };
		D1E2F3A4B5C60718293A0102 /* Brand.swift in Sources */ = {isa = PBXBuildFile; fileRef = D1E2F3A4B5C60718293F0102 /* Brand.swift */; };
		D1E2F3A4B5C60718293A0103 /* BabyXLaunchController.swift in Sources */ = {isa = PBXBuildFile; fileRef = D1E2F3A4B5C60718293F0103 /* BabyXLaunchController.swift */; };
		D1E2F3A4B5C60718293A0105 /* OpeningArtworkPresentation.swift in Sources */ = {isa = PBXBuildFile; fileRef = D1E2F3A4B5C60718293F0105 /* OpeningArtworkPresentation.swift */; };
		D1E2F3A4B5C60718293A0106 /* OpeningCrystalBreakupView.swift in Sources */ = {isa = PBXBuildFile; fileRef = D1E2F3A4B5C60718293F0106 /* OpeningCrystalBreakupView.swift */; };
/* End PBXBuildFile section */

/* Begin PBXFileReference section */
		C8A789D501AB4F4BA0200FE9 /* PlanetaryEphemeris.swift */ = {isa = PBXFileReference; lastKnownFileType = sourcecode.swift; path = PlanetaryEphemeris.swift; sourceTree = "<group>"; };
		C6847DC6F1284E318E8F4494 /* FinderMotionService.swift */ = {isa = PBXFileReference; lastKnownFileType = sourcecode.swift; path = FinderMotionService.swift; sourceTree = "<group>"; };
		58C697F3D4AD48CA9FB11237 /* PlanetFinderView.swift */ = {isa = PBXFileReference; lastKnownFileType = sourcecode.swift; path = PlanetFinderView.swift; sourceTree = "<group>"; };
		07E219CC715B417F9089CAD0 /* TimelyUNATheme.swift */ = {isa = PBXFileReference; lastKnownFileType = sourcecode.swift; path = TimelyUNATheme.swift; sourceTree = "<group>"; };
		095D061E4269402BA35A6162 /* TimelyUNA.entitlements */ = {isa = PBXFileReference; lastKnownFileType = text.plist.entitlements; path = TimelyUNA.entitlements; sourceTree = "<group>"; };
		17ACC55BC47844B9B660D08B /* ChronosModeView.swift */ = {isa = PBXFileReference; lastKnownFileType = sourcecode.swift; path = ChronosModeView.swift; sourceTree = "<group>"; };
		1C6A792A6E2243ACBE314077 /* SunSextantView.swift */ = {isa = PBXFileReference; lastKnownFileType = sourcecode.swift; path = SunSextantView.swift; sourceTree = "<group>"; };
		3411C322674949F9AD8459CE /* ContentView.swift */ = {isa = PBXFileReference; lastKnownFileType = sourcecode.swift; path = ContentView.swift; sourceTree = "<group>"; };
		5189249DD8EC419AAF61E278 /* ARSunRocketView.swift */ = {isa = PBXFileReference; lastKnownFileType = sourcecode.swift; path = ARSunRocketView.swift; sourceTree = "<group>"; };
		5439159981D8417DAB2EF8C8 /* PhotonLabyrinthView.swift */ = {isa = PBXFileReference; lastKnownFileType = sourcecode.swift; path = PhotonLabyrinthView.swift; sourceTree = "<group>"; };
		6FD91C46B8144AFB8F7E2B79 /* PhotonLabyrinthPuzzle.swift */ = {isa = PBXFileReference; lastKnownFileType = sourcecode.swift; path = PhotonLabyrinthPuzzle.swift; sourceTree = "<group>"; };
		76ACA30747814220AEDA0E17 /* LightTimeConstants.swift */ = {isa = PBXFileReference; lastKnownFileType = sourcecode.swift; path = LightTimeConstants.swift; sourceTree = "<group>"; };
		784E667D00F746AC8AD8ED72 /* InfoCards.swift */ = {isa = PBXFileReference; lastKnownFileType = sourcecode.swift; path = InfoCards.swift; sourceTree = "<group>"; };
		8D6806B646ED4F95AB19EDDB /* SunCanvasView.swift */ = {isa = PBXFileReference; lastKnownFileType = sourcecode.swift; path = SunCanvasView.swift; sourceTree = "<group>"; };
		9E3F2C79966A4B26A0BE6A3D /* AboutView.swift */ = {isa = PBXFileReference; lastKnownFileType = sourcecode.swift; path = AboutView.swift; sourceTree = "<group>"; };
		A1B2C3D4E5F60718293F0001 /* SolarEngine.swift */ = {isa = PBXFileReference; lastKnownFileType = sourcecode.swift; path = SolarEngine.swift; sourceTree = "<group>"; };
		A1B2C3D4E5F60718293F0002 /* ObserverLocationService.swift */ = {isa = PBXFileReference; lastKnownFileType = sourcecode.swift; path = ObserverLocationService.swift; sourceTree = "<group>"; };
		A1B2C3D4E5F60718293F0003 /* HorizonPersistence.swift */ = {isa = PBXFileReference; lastKnownFileType = sourcecode.swift; path = HorizonPersistence.swift; sourceTree = "<group>"; };
		A1B2C3D4E5F60718293F0004 /* HorizonClock.swift */ = {isa = PBXFileReference; lastKnownFileType = sourcecode.swift; path = HorizonClock.swift; sourceTree = "<group>"; };
		A1B2C3D4E5F60718293F0005 /* TrueHorizonView.swift */ = {isa = PBXFileReference; lastKnownFileType = sourcecode.swift; path = TrueHorizonView.swift; sourceTree = "<group>"; };
		A1B2C3D4E5F60718293F0007 /* SunriseReminderService.swift */ = {isa = PBXFileReference; lastKnownFileType = sourcecode.swift; path = SunriseReminderService.swift; sourceTree = "<group>"; };
		A1B2C3D4E5F60718293F0008 /* ARCelestialMath.swift */ = {isa = PBXFileReference; lastKnownFileType = sourcecode.swift; path = ARCelestialMath.swift; sourceTree = "<group>"; };
		A1B2C3D4E5F60718293F0009 /* ARCalibrationService.swift */ = {isa = PBXFileReference; lastKnownFileType = sourcecode.swift; path = ARCalibrationService.swift; sourceTree = "<group>"; };
		A219F1BF0F004D31B0999F03 /* SimulationState.swift */ = {isa = PBXFileReference; lastKnownFileType = sourcecode.swift; path = SimulationState.swift; sourceTree = "<group>"; };
		AED3AF2E7FC1418187E00AAE /* True Horizon.app */ = {isa = PBXFileReference; explicitFileType = wrapper.application; includeInIndex = 0; path = "True Horizon.app"; sourceTree = BUILT_PRODUCTS_DIR; };
		B1BA77E9A9C745A9B8CEFAF3 /* TimelyUNAApp.swift */ = {isa = PBXFileReference; lastKnownFileType = sourcecode.swift; path = TimelyUNAApp.swift; sourceTree = "<group>"; };
		BF428BF3B1394AB6927D5FAC /* Assets.xcassets */ = {isa = PBXFileReference; lastKnownFileType = folder.assetcatalog; path = Assets.xcassets; sourceTree = "<group>"; };
		CE6A45433D5E4AF89E89C591 /* PrivacyInfo.xcprivacy */ = {isa = PBXFileReference; lastKnownFileType = text.xml; path = PrivacyInfo.xcprivacy; sourceTree = "<group>"; };
		ED8C1E728DD84453A8E41D2D /* ChronosCanvasView.swift */ = {isa = PBXFileReference; lastKnownFileType = sourcecode.swift; path = ChronosCanvasView.swift; sourceTree = "<group>"; };
		D1E2F3A4B5C60718293F0100 /* StartupTransitionView.swift */ = {isa = PBXFileReference; lastKnownFileType = sourcecode.swift; path = StartupTransitionView.swift; sourceTree = "<group>"; };
		D1E2F3A4B5C60718293F0101 /* LaunchScreen.storyboard */ = {isa = PBXFileReference; lastKnownFileType = file.storyboard; path = LaunchScreen.storyboard; sourceTree = "<group>"; };
		D1E2F3A4B5C60718293F0102 /* Brand.swift */ = {isa = PBXFileReference; lastKnownFileType = sourcecode.swift; path = Brand.swift; sourceTree = "<group>"; };
		D1E2F3A4B5C60718293F0103 /* BabyXLaunchController.swift */ = {isa = PBXFileReference; lastKnownFileType = sourcecode.swift; path = BabyXLaunchController.swift; sourceTree = "<group>"; };
		D1E2F3A4B5C60718293F0105 /* OpeningArtworkPresentation.swift */ = {isa = PBXFileReference; lastKnownFileType = sourcecode.swift; path = OpeningArtworkPresentation.swift; sourceTree = "<group>"; };
		D1E2F3A4B5C60718293F0106 /* OpeningCrystalBreakupView.swift */ = {isa = PBXFileReference; lastKnownFileType = sourcecode.swift; path = OpeningCrystalBreakupView.swift; sourceTree = "<group>"; };

		A1B2C3D4E5F60718293F0010 /* XSkyJumpState.swift */ = {isa = PBXFileReference; lastKnownFileType = sourcecode.swift; path = XSkyJumpState.swift; sourceTree = "<group>"; };
		A1B2C3D4E5F60718293F0011 /* XSkyJumpView.swift */ = {isa = PBXFileReference; lastKnownFileType = sourcecode.swift; name = XSkyJumpView.swift; path = XSkyJump/XSkyJumpView.swift; sourceTree = "<group>"; };
		A1B2C3D4E5F60718293F0012 /* XSkyPlanetSceneView.swift */ = {isa = PBXFileReference; lastKnownFileType = sourcecode.swift; name = XSkyPlanetSceneView.swift; path = XSkyJump/XSkyPlanetSceneView.swift; sourceTree = "<group>"; };
		A1B2C3D4E5F60718293F0013 /* XSkyStarfieldView.swift */ = {isa = PBXFileReference; lastKnownFileType = sourcecode.swift; name = XSkyStarfieldView.swift; path = XSkyJump/XSkyStarfieldView.swift; sourceTree = "<group>"; };
		A1B2C3D4E5F60718293F0014 /* XSkyPlanetTextures.swift */ = {isa = PBXFileReference; lastKnownFileType = sourcecode.swift; name = XSkyPlanetTextures.swift; path = XSkyJump/XSkyPlanetTextures.swift; sourceTree = "<group>"; };
		A1B2C3D4E5F60718293F0015 /* XSkyPlanetStage.swift */ = {isa = PBXFileReference; lastKnownFileType = sourcecode.swift; name = XSkyPlanetStage.swift; path = XSkyJump/XSkyPlanetStage.swift; sourceTree = "<group>"; };
/* End PBXFileReference section */

/* Begin PBXFrameworksBuildPhase section */
		7AB2CD20331E473BBF332259 /* Frameworks */ = {
			isa = PBXFrameworksBuildPhase;
			buildActionMask = 2147483647;
			files = (
			);
			runOnlyForDeploymentPostprocessing = 0;
		};
/* End PBXFrameworksBuildPhase section */

/* Begin PBXGroup section */
		17F5CF28AFCB46D9B59926CF /* Resources */ = {
			isa = PBXGroup;
			children = (
				BF428BF3B1394AB6927D5FAC /* Assets.xcassets */,
				CE6A45433D5E4AF89E89C591 /* PrivacyInfo.xcprivacy */,
				D1E2F3A4B5C60718293F0101 /* LaunchScreen.storyboard */,
			);
			path = Resources;
			sourceTree = "<group>";
		};
		7BCA35F03A04496989964CD4 /* Theme */ = {
			isa = PBXGroup;
			children = (
				07E219CC715B417F9089CAD0 /* TimelyUNATheme.swift */,
				D1E2F3A4B5C60718293F0102 /* Brand.swift */,
			);
			path = Theme;
			sourceTree = "<group>";
		};
		7E7975BB40B94B70947CF317 /* Products */ = {
			isa = PBXGroup;
			children = (
				AED3AF2E7FC1418187E00AAE /* True Horizon.app */,
			);
			name = Products;
			sourceTree = "<group>";
		};
		9550BD44B8F44418BED4B0AD /* TimelyUNA */ = {
			isa = PBXGroup;
			children = (
				B1BA77E9A9C745A9B8CEFAF3 /* TimelyUNAApp.swift */,
				095D061E4269402BA35A6162 /* TimelyUNA.entitlements */,
				B0333DFA2D404492AFBE8C2A /* Models */,
				A1B2C3D4E5F60718293F0006 /* Services */,
				7BCA35F03A04496989964CD4 /* Theme */,
				E7DBCC475959481B89C217CF /* Views */,
				17F5CF28AFCB46D9B59926CF /* Resources */,
			);
			path = TimelyUNA;
			sourceTree = "<group>";
		};
		A1B2C3D4E5F60718293F0006 /* Services */ = {
			isa = PBXGroup;
			children = (
				A1B2C3D4E5F60718293F0002 /* ObserverLocationService.swift */,
				A1B2C3D4E5F60718293F0003 /* HorizonPersistence.swift */,
				A1B2C3D4E5F60718293F0004 /* HorizonClock.swift */,
				A1B2C3D4E5F60718293F0007 /* SunriseReminderService.swift */,
				A1B2C3D4E5F60718293F0008 /* ARCelestialMath.swift */,
				A1B2C3D4E5F60718293F0009 /* ARCalibrationService.swift */,
				C6847DC6F1284E318E8F4494 /* FinderMotionService.swift */,
				D1E2F3A4B5C60718293F0103 /* BabyXLaunchController.swift */,
			);
			path = Services;
			sourceTree = "<group>";
		};
		A2A860E1404D4B37B59F998B = {
			isa = PBXGroup;
			children = (
				9550BD44B8F44418BED4B0AD /* TimelyUNA */,
				7E7975BB40B94B70947CF317 /* Products */,
			);
			sourceTree = "<group>";
		};
		B0333DFA2D404492AFBE8C2A /* Models */ = {
			isa = PBXGroup;
			children = (
				76ACA30747814220AEDA0E17 /* LightTimeConstants.swift */,
				A219F1BF0F004D31B0999F03 /* SimulationState.swift */,
				A1B2C3D4E5F60718293F0001 /* SolarEngine.swift */,
				C8A789D501AB4F4BA0200FE9 /* PlanetaryEphemeris.swift */,
				A1B2C3D4E5F60718293F0010 /* XSkyJumpState.swift */,
			);
			path = Models;
			sourceTree = "<group>";
		};
		E7DBCC475959481B89C217CF /* Views */ = {
			isa = PBXGroup;
			children = (
				3411C322674949F9AD8459CE /* ContentView.swift */,
				D1E2F3A4B5C60718293F0100 /* StartupTransitionView.swift */,
				D1E2F3A4B5C60718293F0105 /* OpeningArtworkPresentation.swift */,
				D1E2F3A4B5C60718293F0106 /* OpeningCrystalBreakupView.swift */,
				58C697F3D4AD48CA9FB11237 /* PlanetFinderView.swift */,
				A1B2C3D4E5F60718293F0005 /* TrueHorizonView.swift */,
				A1B2C3D4E5F60718293F0014 /* XSkyPlanetTextures.swift */,
				A1B2C3D4E5F60718293F0013 /* XSkyStarfieldView.swift */,
				A1B2C3D4E5F60718293F0012 /* XSkyPlanetSceneView.swift */,
				A1B2C3D4E5F60718293F0015 /* XSkyPlanetStage.swift */,
				A1B2C3D4E5F60718293F0011 /* XSkyJumpView.swift */,
				784E667D00F746AC8AD8ED72 /* InfoCards.swift */,
				1C6A792A6E2243ACBE314077 /* SunSextantView.swift */,
				8D6806B646ED4F95AB19EDDB /* SunCanvasView.swift */,
				17ACC55BC47844B9B660D08B /* ChronosModeView.swift */,
				ED8C1E728DD84453A8E41D2D /* ChronosCanvasView.swift */,
				9E3F2C79966A4B26A0BE6A3D /* AboutView.swift */,
				5439159981D8417DAB2EF8C8 /* PhotonLabyrinthView.swift */,
				5189249DD8EC419AAF61E278 /* ARSunRocketView.swift */,
				6FD91C46B8144AFB8F7E2B79 /* PhotonLabyrinthPuzzle.swift */,
			);
			path = Views;
			sourceTree = "<group>";
		};
/* End PBXGroup section */

/* Begin PBXNativeTarget section */
		51176D9009E2448C9185A33A /* TimelyUNA */ = {
			isa = PBXNativeTarget;
			buildConfigurationList = 092C9D4DBE8442A597BB412B /* Build configuration list for PBXNativeTarget "TimelyUNA" */;
			buildPhases = (
				E54C5BE6035E456B8C92AC8F /* Sources */,
				7AB2CD20331E473BBF332259 /* Frameworks */,
				D62E4CF8A16B411F84F356E3 /* Resources */,
			);
			buildRules = (
			);
			dependencies = (
			);
			name = TimelyUNA;
			productName = TimelyUNA;
			productReference = AED3AF2E7FC1418187E00AAE /* True Horizon.app */;
			productType = "com.apple.product-type.application";
		};
/* End PBXNativeTarget section */

/* Begin PBXProject section */
		9B74C93D2F934D2BAE8D56E4 /* Project object */ = {
			isa = PBXProject;
			attributes = {
				BuildIndependentTargetsInParallel = 1;
				LastSwiftUpdateCheck = 1600;
				LastUpgradeCheck = 1600;
				TargetAttributes = {
					51176D9009E2448C9185A33A = {
						CreatedOnToolsVersion = 16.0;
					};
				};
			};
			buildConfigurationList = D5BA64D04EED4282A8E254B2 /* Build configuration list for PBXProject "TimelyUNA" */;
			compatibilityVersion = "Xcode 14.0";
			developmentRegion = en;
			hasScannedForEncodings = 0;
			knownRegions = (
				en,
				Base,
			);
			mainGroup = A2A860E1404D4B37B59F998B;
			productRefGroup = 7E7975BB40B94B70947CF317 /* Products */;
			projectDirPath = "";
			projectRoot = "";
			targets = (
				51176D9009E2448C9185A33A /* TimelyUNA */,
			);
		};
/* End PBXProject section */

/* Begin PBXResourcesBuildPhase section */
		D62E4CF8A16B411F84F356E3 /* Resources */ = {
			isa = PBXResourcesBuildPhase;
			buildActionMask = 2147483647;
			files = (
				212AC45B314B4363A075E02A /* Assets.xcassets in Resources */,
				0E39C053B7D444228EABB683 /* PrivacyInfo.xcprivacy in Resources */,
				D1E2F3A4B5C60718293A0101 /* LaunchScreen.storyboard in Resources */,
			);
			runOnlyForDeploymentPostprocessing = 0;
		};
/* End PBXResourcesBuildPhase section */

/* Begin PBXSourcesBuildPhase section */
		E54C5BE6035E456B8C92AC8F /* Sources */ = {
			isa = PBXSourcesBuildPhase;
			buildActionMask = 2147483647;
			files = (
				37A350250C3540B983B17A7C /* TimelyUNAApp.swift in Sources */,
				6F5F157557E540C888A18402 /* ContentView.swift in Sources */,
				A1B2C3D4E5F60718293A0005 /* TrueHorizonView.swift in Sources */,
				949D2001B4C0406CB59F9C50 /* TimelyUNATheme.swift in Sources */,
				EF71F2E0E8384D9A848B7D5B /* LightTimeConstants.swift in Sources */,
				A1B2C3D4E5F60718293A0001 /* SolarEngine.swift in Sources */,
				712AF0534F794DEAA6F5CDF5 /* SimulationState.swift in Sources */,
				A1B2C3D4E5F60718293A0002 /* ObserverLocationService.swift in Sources */,
				A1B2C3D4E5F60718293A0003 /* HorizonPersistence.swift in Sources */,
				A1B2C3D4E5F60718293A0004 /* HorizonClock.swift in Sources */,
				A1B2C3D4E5F60718293A0007 /* SunriseReminderService.swift in Sources */,
				A1B2C3D4E5F60718293A0008 /* ARCelestialMath.swift in Sources */,
				A1B2C3D4E5F60718293A0009 /* ARCalibrationService.swift in Sources */,
				8DDCAC6EEF25482F9D10BC7F /* SunSextantView.swift in Sources */,
				88A97B433C51458A849366AD /* SunCanvasView.swift in Sources */,
				148A150E023A4882A2B9337C /* ChronosModeView.swift in Sources */,
				20CA6F03B52D48FB9CE5DE15 /* ChronosCanvasView.swift in Sources */,
				69C606ADAB274899BA1A67EF /* AboutView.swift in Sources */,
				8A12C255CE314AD6AAA00CC0 /* InfoCards.swift in Sources */,
				C684FBC42F2E4CF6B167B047 /* PhotonLabyrinthView.swift in Sources */,
				6A0E7AC2B4A94F9AA1EB1EF4 /* ARSunRocketView.swift in Sources */,
				7BD73D89A83243D98CF21E6D /* PhotonLabyrinthPuzzle.swift in Sources */,
				A1B2C3D4E5F60718293A0014 /* XSkyPlanetTextures.swift in Sources */,
				A1B2C3D4E5F60718293A0013 /* XSkyStarfieldView.swift in Sources */,
				A1B2C3D4E5F60718293A0012 /* XSkyPlanetSceneView.swift in Sources */,
				A1B2C3D4E5F60718293A0015 /* XSkyPlanetStage.swift in Sources */,
				A1B2C3D4E5F60718293A0011 /* XSkyJumpView.swift in Sources */,
				A1B2C3D4E5F60718293A0010 /* XSkyJumpState.swift in Sources */,
				FC8941AE99A54AFDBDBEB87A /* PlanetaryEphemeris.swift in Sources */,
				A05CF3C4532043518E9CF5B3 /* FinderMotionService.swift in Sources */,
				24CEB05F743142D180DCAAF4 /* PlanetFinderView.swift in Sources */,
				D1E2F3A4B5C60718293A0100 /* StartupTransitionView.swift in Sources */,
				D1E2F3A4B5C60718293A0105 /* OpeningArtworkPresentation.swift in Sources */,
				D1E2F3A4B5C60718293A0106 /* OpeningCrystalBreakupView.swift in Sources */,
				D1E2F3A4B5C60718293A0102 /* Brand.swift in Sources */,
				D1E2F3A4B5C60718293A0103 /* BabyXLaunchController.swift in Sources */,
			);
			runOnlyForDeploymentPostprocessing = 0;
		};
/* End PBXSourcesBuildPhase section */

/* Begin XCBuildConfiguration section */
		528C9F456C494660B6A2F0A5 /* Release */ = {
			isa = XCBuildConfiguration;
			buildSettings = {
				ASSETCATALOG_COMPILER_APPICON_NAME = AppIcon;
				ASSETCATALOG_COMPILER_GLOBAL_ACCENT_COLOR_NAME = AccentColor;
				CODE_SIGN_ENTITLEMENTS = TimelyUNA/TimelyUNA.entitlements;
				"CODE_SIGN_IDENTITY[sdk=macosx*]" = "Apple Development";
				CODE_SIGN_STYLE = Automatic;
				CURRENT_PROJECT_VERSION = 1;
				DEVELOPMENT_TEAM = G7Q23JVH25;
				ENABLE_HARDENED_RUNTIME = YES;
				ENABLE_PREVIEWS = YES;
				GENERATE_INFOPLIST_FILE = YES;
				INFOPLIST_KEY_CFBundleDisplayName = "True Horizon";
				INFOPLIST_KEY_CFBundleName = "True Horizon";
				INFOPLIST_KEY_LSApplicationCategoryType = "public.app-category.education";
				INFOPLIST_KEY_NSCameraUsageDescription = "True Horizon uses the camera for AR light-time navigation: place the Sun proxy and launch the Baby X rocket toward its true position.";
				INFOPLIST_KEY_NSHumanReadableCopyright = "Copyright © QuantumPlethora. All rights reserved.";
				INFOPLIST_KEY_NSLocationUsageDescription = "True Horizon uses your location to calculate educational Sun altitude, azimuth, and sunrise for your horizon. Coordinates stay on this device and are never invented as live GPS.";
				INFOPLIST_KEY_NSLocationWhenInUseUsageDescription = "True Horizon uses your location to calculate educational Sun altitude, azimuth, and sunrise for your horizon. Coordinates stay on this device and are never invented as live GPS.";
				INFOPLIST_KEY_UIApplicationSceneManifest_Generation = YES;
				INFOPLIST_KEY_UILaunchStoryboardName = LaunchScreen;
				INFOPLIST_KEY_UISupportedInterfaceOrientations_iPad = "UIInterfaceOrientationPortrait UIInterfaceOrientationPortraitUpsideDown UIInterfaceOrientationLandscapeLeft UIInterfaceOrientationLandscapeRight";
				INFOPLIST_KEY_UISupportedInterfaceOrientations_iPhone = "UIInterfaceOrientationPortrait UIInterfaceOrientationLandscapeLeft UIInterfaceOrientationLandscapeRight";
				INFOPLIST_KEY_UIUserInterfaceStyle = Dark;
				IPHONEOS_DEPLOYMENT_TARGET = 17.0;
				LD_RUNPATH_SEARCH_PATHS = (
					"$(inherited)",
					"@executable_path/Frameworks",
				);
				MACOSX_DEPLOYMENT_TARGET = 14.0;
				MARKETING_VERSION = 1.0.0;
				PRODUCT_BUNDLE_IDENTIFIER = io.macsafedevelopersapple.TimelyUNA;
				PRODUCT_NAME = "True Horizon";
				SDKROOT = auto;
				SUPPORTED_PLATFORMS = "iphoneos iphonesimulator macosx";
				SUPPORTS_MACCATALYST = NO;
				SWIFT_EMIT_LOC_STRINGS = YES;
				SWIFT_VERSION = 5.0;
				TARGETED_DEVICE_FAMILY = "1,2";
			};
			name = Release;
		};
		6DA780ACF0EA42CBAC49FB0D /* Release */ = {
			isa = XCBuildConfiguration;
			buildSettings = {
				ALWAYS_SEARCH_USER_PATHS = NO;
				CLANG_ENABLE_MODULES = YES;
				CLANG_ENABLE_OBJC_ARC = YES;
				COPY_PHASE_STRIP = NO;
				DEBUG_INFORMATION_FORMAT = "dwarf-with-dsym";
				ENABLE_NS_ASSERTIONS = NO;
				SWIFT_COMPILATION_MODE = wholemodule;
			};
			name = Release;
		};
		A46E59778DA847CAB1F43282 /* Debug */ = {
			isa = XCBuildConfiguration;
			buildSettings = {
				ALWAYS_SEARCH_USER_PATHS = NO;
				CLANG_ENABLE_MODULES = YES;
				CLANG_ENABLE_OBJC_ARC = YES;
				COPY_PHASE_STRIP = NO;
				DEBUG_INFORMATION_FORMAT = dwarf;
				ENABLE_TESTABILITY = YES;
				GCC_DYNAMIC_NO_PIC = NO;
				GCC_OPTIMIZATION_LEVEL = 0;
				ONLY_ACTIVE_ARCH = YES;
				SWIFT_ACTIVE_COMPILATION_CONDITIONS = "DEBUG $(inherited)";
				SWIFT_OPTIMIZATION_LEVEL = "-Onone";
			};
			name = Debug;
		};
		EA88862C08254D1999E65FF4 /* Debug */ = {
			isa = XCBuildConfiguration;
			buildSettings = {
				ASSETCATALOG_COMPILER_APPICON_NAME = AppIcon;
				ASSETCATALOG_COMPILER_GLOBAL_ACCENT_COLOR_NAME = AccentColor;
				CODE_SIGN_ENTITLEMENTS = TimelyUNA/TimelyUNA.entitlements;
				"CODE_SIGN_IDENTITY[sdk=macosx*]" = "Apple Development";
				CODE_SIGN_STYLE = Automatic;
				CURRENT_PROJECT_VERSION = 1;
				DEVELOPMENT_TEAM = G7Q23JVH25;
				ENABLE_HARDENED_RUNTIME = YES;
				ENABLE_PREVIEWS = YES;
				GENERATE_INFOPLIST_FILE = YES;
				INFOPLIST_KEY_CFBundleDisplayName = "True Horizon";
				INFOPLIST_KEY_CFBundleName = "True Horizon";
				INFOPLIST_KEY_LSApplicationCategoryType = "public.app-category.education";
				INFOPLIST_KEY_NSCameraUsageDescription = "True Horizon uses the camera for AR light-time navigation: place the Sun proxy and launch the Baby X rocket toward its true position.";
				INFOPLIST_KEY_NSHumanReadableCopyright = "Copyright © QuantumPlethora. All rights reserved.";
				INFOPLIST_KEY_NSLocationUsageDescription = "True Horizon uses your location to calculate educational Sun altitude, azimuth, and sunrise for your horizon. Coordinates stay on this device and are never invented as live GPS.";
				INFOPLIST_KEY_NSLocationWhenInUseUsageDescription = "True Horizon uses your location to calculate educational Sun altitude, azimuth, and sunrise for your horizon. Coordinates stay on this device and are never invented as live GPS.";
				INFOPLIST_KEY_UIApplicationSceneManifest_Generation = YES;
				INFOPLIST_KEY_UILaunchStoryboardName = LaunchScreen;
				INFOPLIST_KEY_UISupportedInterfaceOrientations_iPad = "UIInterfaceOrientationPortrait UIInterfaceOrientationPortraitUpsideDown UIInterfaceOrientationLandscapeLeft UIInterfaceOrientationLandscapeRight";
				INFOPLIST_KEY_UISupportedInterfaceOrientations_iPhone = "UIInterfaceOrientationPortrait UIInterfaceOrientationLandscapeLeft UIInterfaceOrientationLandscapeRight";
				INFOPLIST_KEY_UIUserInterfaceStyle = Dark;
				IPHONEOS_DEPLOYMENT_TARGET = 17.0;
				LD_RUNPATH_SEARCH_PATHS = (
					"$(inherited)",
					"@executable_path/Frameworks",
				);
				MACOSX_DEPLOYMENT_TARGET = 14.0;
				MARKETING_VERSION = 1.0.0;
				PRODUCT_BUNDLE_IDENTIFIER = io.macsafedevelopersapple.TimelyUNA;
				PRODUCT_NAME = "True Horizon";
				SDKROOT = auto;
				SUPPORTED_PLATFORMS = "iphoneos iphonesimulator macosx";
				SUPPORTS_MACCATALYST = NO;
				SWIFT_EMIT_LOC_STRINGS = YES;
				SWIFT_VERSION = 5.0;
				TARGETED_DEVICE_FAMILY = "1,2";
			};
			name = Debug;
		};
/* End XCBuildConfiguration section */

/* Begin XCConfigurationList section */
		092C9D4DBE8442A597BB412B /* Build configuration list for PBXNativeTarget "TimelyUNA" */ = {
			isa = XCConfigurationList;
			buildConfigurations = (
				EA88862C08254D1999E65FF4 /* Debug */,
				528C9F456C494660B6A2F0A5 /* Release */,
			);
			defaultConfigurationIsVisible = 0;
			defaultConfigurationName = Release;
		};
		D5BA64D04EED4282A8E254B2 /* Build configuration list for PBXProject "TimelyUNA" */ = {
			isa = XCConfigurationList;
			buildConfigurations = (
				A46E59778DA847CAB1F43282 /* Debug */,
				6DA780ACF0EA42CBAC49FB0D /* Release */,
			);
			defaultConfigurationIsVisible = 0;
			defaultConfigurationName = Release;
		};
/* End XCConfigurationList section */
	};
	rootObject = 9B74C93D2F934D2BAE8D56E4 /* Project object */;
}
